
Microsoft Visual Studio Solution File, Format Version 12.00
# Visual Studio Version 17
VisualStudioVersion = 17.14.36327.8
MinimumVisualStudioVersion = 10.0.40219.1
Project("{FAE04EC0-301F-11D3-BF4B-00C04F79EFBC}") = "main", "main\main.csproj", "{F75FF0F9-34C2-4EEB-B66C-D5950C9A0497}"
EndProject
Project("{FAE04EC0-301F-11D3-BF4B-00C04F79EFBC}") = "ClassLibrary", "ClassLibrary\ClassLibrary.csproj", "{6887D185-9C85-4F9D-B1FD-01D85A576D0E}"
EndProject
Project("{FAE04EC0-301F-11D3-BF4B-00C04F79EFBC}") = "Task_2", "Task_2\Task_2.csproj", "{6CFF917D-83E2-4979-84E5-185AE1B0B278}"
EndProject
Project("{FAE04EC0-301F-11D3-BF4B-00C04F79EFBC}") = "Task_3", "Task_3\Task_3.csproj", "{ED02F82A-6BF3-428B-B11F-BE39C7A36339}"
EndProject
Global
	GlobalSection(SolutionConfigurationPlatforms) = preSolution
		Debug|Any CPU = Debug|Any CPU
		Release|Any CPU = Release|Any CPU
	EndGlobalSection
	GlobalSection(ProjectConfigurationPlatforms) = postSolution
		{F75FF0F9-34C2-4EEB-B66C-D5950C9A0497}.Debug|Any CPU.ActiveCfg = Debug|Any CPU
		{F75FF0F9-34C2-4EEB-B66C-D5950C9A0497}.Debug|Any CPU.Build.0 = Debug|Any CPU
		{F75FF0F9-34C2-4EEB-B66C-D5950C9A0497}.Release|Any CPU.ActiveCfg = Release|Any CPU
		{F75FF0F9-34C2-4EEB-B66C-D5950C9A0497}.Release|Any CPU.Build.0 = Release|Any CPU
		{6887D185-9C85-4F9D-B1FD-01D85A576D0E}.Debug|Any CPU.ActiveCfg = Debug|Any CPU
		{6887D185-9C85-4F9D-B1FD-01D85A576D0E}.Debug|Any CPU.Build.0 = Debug|Any CPU
		{6887D185-9C85-4F9D-B1FD-01D85A576D0E}.Release|Any CPU.ActiveCfg = Release|Any CPU
		{6887D185-9C85-4F9D-B1FD-01D85A576D0E}.Release|Any CPU.Build.0 = Release|Any CPU
		{6CFF917D-83E2-4979-84E5-185AE1B0B278}.Debug|Any CPU.ActiveCfg = Debug|Any CPU
		{6CFF917D-83E2-4979-84E5-185AE1B0B278}.Debug|Any CPU.Build.0 = Debug|Any CPU
		{6CFF917D-83E2-4979-84E5-185AE1B0B278}.Release|Any CPU.ActiveCfg = Release|Any CPU
		{6CFF917D-83E2-4979-84E5-185AE1B0B278}.Release|Any CPU.Build.0 = Release|Any CPU
		{ED02F82A-6BF3-428B-B11F-BE39C7A36339}.Debug|Any CPU.ActiveCfg = Debug|Any CPU
		{ED02F82A-6BF3-428B-B11F-BE39C7A36339}.Debug|Any CPU.Build.0 = Debug|Any CPU
		{ED02F82A-6BF3-428B-B11F-BE39C7A36339}.Release|Any CPU.ActiveCfg = Release|Any CPU
		{ED02F82A-6BF3-428B-B11F-BE39C7A36339}.Release|Any CPU.Build.0 = Release|Any CPU
	EndGlobalSection
	GlobalSection(SolutionProperties) = preSolution
		HideSolutionNode = FALSE
	EndGlobalSection
	GlobalSection(ExtensibilityGlobals) = postSolution
		SolutionGuid = {8377E704-09C7-49B6-A798-840FCABE70E0}
	EndGlobalSection
EndGlobal
